{
  "lockfile_version": "1",
  "packages": {
    "binaryen@latest": {
      "last_modified": "2025-10-07T08:41:47Z",
      "resolved": "github:NixOS/nixpkgs/bce5fe2bb998488d8e7e7856315f90496723793c#binaryen",
      "source": "devbox-search",
      "version": "124",
      "systems": {
        "aarch64-darwin": {
          "outputs": [
            {
              "name": "out",
              "path": "/nix/store/12ak4704ljlcjlx6zdyrgxdxckzd51pn-binaryen-124",
              "default": true
            }
          ],
          "store_path": "/nix/store/12ak4704ljlcjlx6zdyrgxdxckzd51pn-binaryen-124"
        },
        "aarch64-linux": {
          "outputs": [
            {
              "name": "out",
              "path": "/nix/store/jgf8isqf9yr8y544fbhcslxb7jxspfh5-binaryen-124",
              "default": true
            }
          ],
          "store_path": "/nix/store/jgf8isqf9yr8y544fbhcslxb7jxspfh5-binaryen-124"
        },
        "x86_64-darwin": {
          "outputs": [
            {
              "name": "out",
              "path": "/nix/store/g49hhmf99v0s1xb54dnw5b753w6i1m10-binaryen-124",
              "default": true
            }
          ],
          "store_path": "/nix/store/g49hhmf99v0s1xb54dnw5b753w6i1m10-binaryen-124"
        },
        "x86_64-linux": {
          "outputs": [
            {
              "name": "out",
              "path": "/nix/store/3wnwfcf8is8g2pilz5kijynlky9bfxyh-binaryen-124",
              "default": true
            }
          ],
          "store_path": "/nix/store/3wnwfcf8is8g2pilz5kijynlky9bfxyh-binaryen-124"
        }
      }
    },
    "extism-cli@1.6.3": {
      "last_modified": "2025-10-07T08:41:47Z",
      "resolved": "github:NixOS/nixpkgs/bce5fe2bb998488d8e7e7856315f90496723793c#extism-cli",
      "source": "devbox-search",
      "version": "1.6.3",
      "systems": {
        "aarch64-darwin": {
          "outputs": [
            {
              "name": "out",
              "path": "/nix/store/cqhi6b4f1vdgw7zcfkdafycjl1l9qskw-extism-cli-1.6.3",
              "default": true
            }
          ],
          "store_path": "/nix/store/cqhi6b4f1vdgw7zcfkdafycjl1l9qskw-extism-cli-1.6.3"
        },
        "aarch64-linux": {
          "outputs": [
            {
              "name": "out",
              "path": "/nix/store/yzjrkplkq1l6lqnqr8qym8vj53hicdmn-extism-cli-1.6.3",
              "default": true
            }
          ],
          "store_path": "/nix/store/yzjrkplkq1l6lqnqr8qym8vj53hicdmn-extism-cli-1.6.3"
        },
        "x86_64-darwin": {
          "outputs": [
            {
              "name": "out",
              "path": "/nix/store/v2zs851vb9giv8n22jh6050ddzs53l6n-extism-cli-1.6.3",
              "default": true
            }
          ],
          "store_path": "/nix/store/v2zs851vb9giv8n22jh6050ddzs53l6n-extism-cli-1.6.3"
        },
        "x86_64-linux": {
          "outputs": [
            {
              "name": "out",
              "path": "/nix/store/7ljylkgv70fdnf3dg5hzpr271fj5f8j3-extism-cli-1.6.3",
              "default": true
            }
          ],
          "store_path": "/nix/store/7ljylkgv70fdnf3dg5hzpr271fj5f8j3-extism-cli-1.6.3"
        }
      }
    },
    "gh@2.82.1": {
      "last_modified": "2025-10-22T20:59:19Z",
      "resolved": "github:NixOS/nixpkgs/01b6809f7f9d1183a2b3e081f0a1e6f8f415cb09#gh",
      "source": "devbox-search",
      "version": "2.82.1",
      "systems": {
        "aarch64-darwin": {
          "outputs": [
            {
              "name": "out",
              "path": "/nix/store/rd1mj7c2lrhxy0dbyzgpll7qi4p3wjw9-gh-2.82.1",
              "default": true
            }
          ],
          "store_path": "/nix/store/rd1mj7c2lrhxy0dbyzgpll7qi4p3wjw9-gh-2.82.1"
        },
        "aarch64-linux": {
          "outputs": [
            {
              "name": "out",
              "path": "/nix/store/mwz1nb0v95rvmbrjnwalqggpmv9f52r8-gh-2.82.1",
              "default": true
            }
          ],
          "store_path": "/nix/store/mwz1nb0v95rvmbrjnwalqggpmv9f52r8-gh-2.82.1"
        },
        "x86_64-darwin": {
          "outputs": [
            {
              "name": "out",
              "path": "/nix/store/gqjryg6rrbjgg95ldwifgzl1bp6da5n3-gh-2.82.1",
              "default": true
            }
          ],
          "store_path": "/nix/store/gqjryg6rrbjgg95ldwifgzl1bp6da5n3-gh-2.82.1"
        },
        "x86_64-linux": {
          "outputs": [
            {
              "name": "out",
              "path": "/nix/store/1bqff3apmh2qp2mk7hs4zv9ibvr5q0ic-gh-2.82.1",
              "default": true
            }
          ],
          "store_path": "/nix/store/1bqff3apmh2qp2mk7hs4zv9ibvr5q0ic-gh-2.82.1"
        }
      }
    },
    "github:NixOS/nixpkgs/nixpkgs-unstable": {
      "last_modified": "2025-10-31T03:13:32Z",
      "resolved": "github:NixOS/nixpkgs/a7fc11be66bdfb5cdde611ee5ce381c183da8386?lastModified=1761880412&narHash=sha256-QoJjGd4NstnyOG4mm4KXF%2BweBzA2AH%2F7gn1Pmpfcb0A%3D"
    }
  }
}
