{
  "lockfile_version": "1",
  "packages": {
    "binaryen@latest": {
      "last_modified": "2025-10-22T20:59:19Z",
      "resolved": "github:NixOS/nixpkgs/01b6809f7f9d1183a2b3e081f0a1e6f8f415cb09#binaryen",
      "source": "devbox-search",
      "version": "124",
      "systems": {
        "aarch64-darwin": {
          "outputs": [
            {
              "name": "out",
              "path": "/nix/store/95jrsr9gflwnbvwv9fpk7rajnzz7pzps-binaryen-124",
              "default": true
            }
          ],
          "store_path": "/nix/store/95jrsr9gflwnbvwv9fpk7rajnzz7pzps-binaryen-124"
        },
        "aarch64-linux": {
          "outputs": [
            {
              "name": "out",
              "path": "/nix/store/9k6g51kg6nnidgiisaf2lw4csmwrp06l-binaryen-124",
              "default": true
            }
          ],
          "store_path": "/nix/store/9k6g51kg6nnidgiisaf2lw4csmwrp06l-binaryen-124"
        },
        "x86_64-darwin": {
          "outputs": [
            {
              "name": "out",
              "path": "/nix/store/j2vinc66bax0a2m0ps23b5y35i1qwrnw-binaryen-124",
              "default": true
            }
          ],
          "store_path": "/nix/store/j2vinc66bax0a2m0ps23b5y35i1qwrnw-binaryen-124"
        },
        "x86_64-linux": {
          "outputs": [
            {
              "name": "out",
              "path": "/nix/store/2wy5xyf7clzl50wixsg9kwf0f35fqhqm-binaryen-124",
              "default": true
            }
          ],
          "store_path": "/nix/store/2wy5xyf7clzl50wixsg9kwf0f35fqhqm-binaryen-124"
        }
      }
    },
    "extism-cli@1.6.3": {
      "last_modified": "2025-10-22T20:59:19Z",
      "resolved": "github:NixOS/nixpkgs/01b6809f7f9d1183a2b3e081f0a1e6f8f415cb09#extism-cli",
      "source": "devbox-search",
      "version": "1.6.3",
      "systems": {
        "aarch64-darwin": {
          "outputs": [
            {
              "name": "out",
              "path": "/nix/store/4qanwnlnv8x7ghw5zpvm4rhbrbwaaypz-extism-cli-1.6.3",
              "default": true
            }
          ],
          "store_path": "/nix/store/4qanwnlnv8x7ghw5zpvm4rhbrbwaaypz-extism-cli-1.6.3"
        },
        "aarch64-linux": {
          "outputs": [
            {
              "name": "out",
              "path": "/nix/store/6ars2mfscb8qxdjfi319by0zkbgzirir-extism-cli-1.6.3",
              "default": true
            }
          ],
          "store_path": "/nix/store/6ars2mfscb8qxdjfi319by0zkbgzirir-extism-cli-1.6.3"
        },
        "x86_64-darwin": {
          "outputs": [
            {
              "name": "out",
              "path": "/nix/store/ggmg4gsp0r5mw0147rkdjhb4cbmi14hi-extism-cli-1.6.3",
              "default": true
            }
          ],
          "store_path": "/nix/store/ggmg4gsp0r5mw0147rkdjhb4cbmi14hi-extism-cli-1.6.3"
        },
        "x86_64-linux": {
          "outputs": [
            {
              "name": "out",
              "path": "/nix/store/j6x5fpkbxd5l49c2066zd0ac8kqirfks-extism-cli-1.6.3",
              "default": true
            }
          ],
          "store_path": "/nix/store/j6x5fpkbxd5l49c2066zd0ac8kqirfks-extism-cli-1.6.3"
        }
      }
    },
    "gh@2.83.1": {
      "last_modified": "2025-11-15T07:28:48Z",
      "resolved": "github:NixOS/nixpkgs/1d4c88323ac36805d09657d13a5273aea1b34f0c#gh",
      "source": "devbox-search",
      "version": "2.83.1",
      "systems": {
        "aarch64-darwin": {
          "outputs": [
            {
              "name": "out",
              "path": "/nix/store/a7vh9gssj4q3dk2kji4vq1m6hwxw7bgj-gh-2.83.1",
              "default": true
            }
          ],
          "store_path": "/nix/store/a7vh9gssj4q3dk2kji4vq1m6hwxw7bgj-gh-2.83.1"
        },
        "aarch64-linux": {
          "outputs": [
            {
              "name": "out",
              "path": "/nix/store/grwha189jl1dvmmvfwaw90zs2d2dcdly-gh-2.83.1",
              "default": true
            }
          ],
          "store_path": "/nix/store/grwha189jl1dvmmvfwaw90zs2d2dcdly-gh-2.83.1"
        },
        "x86_64-darwin": {
          "outputs": [
            {
              "name": "out",
              "path": "/nix/store/60qy6ihaiw4i43f990v7z030ds5a2ijn-gh-2.83.1",
              "default": true
            }
          ],
          "store_path": "/nix/store/60qy6ihaiw4i43f990v7z030ds5a2ijn-gh-2.83.1"
        },
        "x86_64-linux": {
          "outputs": [
            {
              "name": "out",
              "path": "/nix/store/drnv6j70ajhvznb70wcclz6z008shgy7-gh-2.83.1",
              "default": true
            }
          ],
          "store_path": "/nix/store/drnv6j70ajhvznb70wcclz6z008shgy7-gh-2.83.1"
        }
      }
    },
    "github:NixOS/nixpkgs/nixpkgs-unstable": {
      "last_modified": "2025-11-15T07:28:48Z",
      "resolved": "github:NixOS/nixpkgs/1d4c88323ac36805d09657d13a5273aea1b34f0c?lastModified=1763191728&narHash=sha256-esRhOS0APE6k40Hs%2FjjReXg%2Brx%2BJ5LkWw7cuWFKlwYA%3D"
    }
  }
}
